
Microsoft Visual Studio Solution File, Format Version 12.00
# Visual Studio 15
VisualStudioVersion = 15.0.27004.2002
MinimumVisualStudioVersion = 10.0.40219.1
Project("{2150E333-8FDC-42A3-9474-1A3956D46DE8}") = "test", "test", "{A7F516A7-0994-4948-839F-1AC2F4385105}"
EndProject
Project("{2150E333-8FDC-42A3-9474-1A3956D46DE8}") = "src", "src", "{255F3A1E-F16F-449A-A14D-CF91CE579427}"
EndProject
Project("{9A19103F-16F7-4668-BE54-9A1E7A4F7556}") = "RegistratorWorkerTests", "tests\RegistratorWorkerTests\RegistratorWorkerTests.csproj", "{5014564A-A3F0-4300-A7EA-4E493ACC6CC9}"
EndProject
Project("{9A19103F-16F7-4668-BE54-9A1E7A4F7556}") = "RegistratorWorker", "src\RegistratorWorker\RegistratorWorker.csproj", "{4C8EB7CC-C86D-4089-A0BA-A6E7A7366D51}"
EndProject
Global
	GlobalSection(SolutionConfigurationPlatforms) = preSolution
		Debug|Any CPU = Debug|Any CPU
		Release|Any CPU = Release|Any CPU
	EndGlobalSection
	GlobalSection(ProjectConfigurationPlatforms) = postSolution
		{5014564A-A3F0-4300-A7EA-4E493ACC6CC9}.Debug|Any CPU.ActiveCfg = Debug|Any CPU
		{5014564A-A3F0-4300-A7EA-4E493ACC6CC9}.Debug|Any CPU.Build.0 = Debug|Any CPU
		{5014564A-A3F0-4300-A7EA-4E493ACC6CC9}.Release|Any CPU.ActiveCfg = Release|Any CPU
		{5014564A-A3F0-4300-A7EA-4E493ACC6CC9}.Release|Any CPU.Build.0 = Release|Any CPU
		{4C8EB7CC-C86D-4089-A0BA-A6E7A7366D51}.Debug|Any CPU.ActiveCfg = Debug|Any CPU
		{4C8EB7CC-C86D-4089-A0BA-A6E7A7366D51}.Debug|Any CPU.Build.0 = Debug|Any CPU
		{4C8EB7CC-C86D-4089-A0BA-A6E7A7366D51}.Release|Any CPU.ActiveCfg = Release|Any CPU
		{4C8EB7CC-C86D-4089-A0BA-A6E7A7366D51}.Release|Any CPU.Build.0 = Release|Any CPU
	EndGlobalSection
	GlobalSection(SolutionProperties) = preSolution
		HideSolutionNode = FALSE
	EndGlobalSection
	GlobalSection(NestedProjects) = preSolution
		{5014564A-A3F0-4300-A7EA-4E493ACC6CC9} = {A7F516A7-0994-4948-839F-1AC2F4385105}
		{4C8EB7CC-C86D-4089-A0BA-A6E7A7366D51} = {255F3A1E-F16F-449A-A14D-CF91CE579427}
	EndGlobalSection
	GlobalSection(ExtensibilityGlobals) = postSolution
		SolutionGuid = {583992E6-1CE0-4776-9B5E-0B0BBEC32A2E}
	EndGlobalSection
EndGlobal
