
Microsoft Visual Studio Solution File, Format Version 12.00
# Visual Studio 15
VisualStudioVersion = 15.0.26730.8
MinimumVisualStudioVersion = 10.0.40219.1
Project("{FAE04EC0-301F-11D3-BF4B-00C04F79EFBC}") = "etonregistrator", "etonregistrator\etonregistrator.csproj", "{4431D1C2-3E39-4B4E-A667-3C6349D27618}"
EndProject
Project("{E53339B2-1760-4266-BCC7-CA923CBCF16C}") = "docker-compose", "docker-compose.dcproj", "{ACF4C5EF-A12A-4ABE-98DE-D1980496411D}"
EndProject
Global
	GlobalSection(SolutionConfigurationPlatforms) = preSolution
		Debug|Any CPU = Debug|Any CPU
		Release|Any CPU = Release|Any CPU
	EndGlobalSection
	GlobalSection(ProjectConfigurationPlatforms) = postSolution
		{4431D1C2-3E39-4B4E-A667-3C6349D27618}.Debug|Any CPU.ActiveCfg = Debug|Any CPU
		{4431D1C2-3E39-4B4E-A667-3C6349D27618}.Debug|Any CPU.Build.0 = Debug|Any CPU
		{4431D1C2-3E39-4B4E-A667-3C6349D27618}.Release|Any CPU.ActiveCfg = Release|Any CPU
		{4431D1C2-3E39-4B4E-A667-3C6349D27618}.Release|Any CPU.Build.0 = Release|Any CPU
		{ACF4C5EF-A12A-4ABE-98DE-D1980496411D}.Debug|Any CPU.ActiveCfg = Debug|Any CPU
		{ACF4C5EF-A12A-4ABE-98DE-D1980496411D}.Debug|Any CPU.Build.0 = Debug|Any CPU
		{ACF4C5EF-A12A-4ABE-98DE-D1980496411D}.Release|Any CPU.ActiveCfg = Release|Any CPU
		{ACF4C5EF-A12A-4ABE-98DE-D1980496411D}.Release|Any CPU.Build.0 = Release|Any CPU
	EndGlobalSection
	GlobalSection(SolutionProperties) = preSolution
		HideSolutionNode = FALSE
	EndGlobalSection
	GlobalSection(ExtensibilityGlobals) = postSolution
		SolutionGuid = {583992E6-1CE0-4776-9B5E-0B0BBEC32A2E}
	EndGlobalSection
EndGlobal
